
Microsoft Visual Studio Solution File, Format Version 12.00
# Visual Studio Version 16
VisualStudioVersion = 16.0.30309.148
MinimumVisualStudioVersion = 10.0.40219.1
Project("{FAE04EC0-301F-11D3-BF4B-00C04F79EFBC}") = "CouchbaseDI", "CouchbaseDI.csproj", "{06E143F4-2D11-4E69-85D9-EA40C3833F69}"
EndProject
Global
	GlobalSection(SolutionConfigurationPlatforms) = preSolution
		Debug|Any CPU = Debug|Any CPU
		Release|Any CPU = Release|Any CPU
	EndGlobalSection
	GlobalSection(ProjectConfigurationPlatforms) = postSolution
		{06E143F4-2D11-4E69-85D9-EA40C3833F69}.Debug|Any CPU.ActiveCfg = Debug|Any CPU
		{06E143F4-2D11-4E69-85D9-EA40C3833F69}.Debug|Any CPU.Build.0 = Debug|Any CPU
		{06E143F4-2D11-4E69-85D9-EA40C3833F69}.Release|Any CPU.ActiveCfg = Release|Any CPU
		{06E143F4-2D11-4E69-85D9-EA40C3833F69}.Release|Any CPU.Build.0 = Release|Any CPU
	EndGlobalSection
	GlobalSection(SolutionProperties) = preSolution
		HideSolutionNode = FALSE
	EndGlobalSection
	GlobalSection(ExtensibilityGlobals) = postSolution
		SolutionGuid = {660F826D-1195-42A6-9EE5-AD27660A77FD}
	EndGlobalSection
EndGlobal
